
Microsoft Visual Studio Solution File, Format Version 12.00
# Visual Studio Version 17
VisualStudioVersion = 17.13.35825.156 d17.13
MinimumVisualStudioVersion = 10.0.40219.1
Project("{FAE04EC0-301F-11D3-BF4B-00C04F79EFBC}") = "FIrstFile", "FIrstFile\FIrstFile.csproj", "{56CF11B6-890A-4495-B943-A3651B9E7785}"
EndProject
Global
	GlobalSection(SolutionConfigurationPlatforms) = preSolution
		Debug|Any CPU = Debug|Any CPU
		Release|Any CPU = Release|Any CPU
	EndGlobalSection
	GlobalSection(ProjectConfigurationPlatforms) = postSolution
		{56CF11B6-890A-4495-B943-A3651B9E7785}.Debug|Any CPU.ActiveCfg = Debug|Any CPU
		{56CF11B6-890A-4495-B943-A3651B9E7785}.Debug|Any CPU.Build.0 = Debug|Any CPU
		{56CF11B6-890A-4495-B943-A3651B9E7785}.Release|Any CPU.ActiveCfg = Release|Any CPU
		{56CF11B6-890A-4495-B943-A3651B9E7785}.Release|Any CPU.Build.0 = Release|Any CPU
	EndGlobalSection
	GlobalSection(SolutionProperties) = preSolution
		HideSolutionNode = FALSE
	EndGlobalSection
	GlobalSection(ExtensibilityGlobals) = postSolution
		SolutionGuid = {D0AAD47A-F7F7-4156-AB58-2EEF0FE3890E}
	EndGlobalSection
EndGlobal
