
Microsoft Visual Studio Solution File, Format Version 12.00
# Visual Studio Version 17
VisualStudioVersion = 17.13.35825.156 d17.13
MinimumVisualStudioVersion = 10.0.40219.1
Project("{FAE04EC0-301F-11D3-BF4B-00C04F79EFBC}") = "OOP", "OOP\OOP.csproj", "{14FBE66C-7B1E-4097-ADB2-18B3D3D8034B}"
EndProject
Global
	GlobalSection(SolutionConfigurationPlatforms) = preSolution
		Debug|Any CPU = Debug|Any CPU
		Release|Any CPU = Release|Any CPU
	EndGlobalSection
	GlobalSection(ProjectConfigurationPlatforms) = postSolution
		{14FBE66C-7B1E-4097-ADB2-18B3D3D8034B}.Debug|Any CPU.ActiveCfg = Debug|Any CPU
		{14FBE66C-7B1E-4097-ADB2-18B3D3D8034B}.Debug|Any CPU.Build.0 = Debug|Any CPU
		{14FBE66C-7B1E-4097-ADB2-18B3D3D8034B}.Release|Any CPU.ActiveCfg = Release|Any CPU
		{14FBE66C-7B1E-4097-ADB2-18B3D3D8034B}.Release|Any CPU.Build.0 = Release|Any CPU
	EndGlobalSection
	GlobalSection(SolutionProperties) = preSolution
		HideSolutionNode = FALSE
	EndGlobalSection
	GlobalSection(ExtensibilityGlobals) = postSolution
		SolutionGuid = {ED1CBEA5-4D6E-4F5D-95C1-F1693DE93A9C}
	EndGlobalSection
EndGlobal
