
Microsoft Visual Studio Solution File, Format Version 12.00
# Visual Studio Version 17
VisualStudioVersion = 17.13.35825.156 d17.13
MinimumVisualStudioVersion = 10.0.40219.1
Project("{FAE04EC0-301F-11D3-BF4B-00C04F79EFBC}") = "Arrays", "Arrays\Arrays.csproj", "{5521FE6E-82C5-4386-831C-E314F7CE2ED6}"
EndProject
Global
	GlobalSection(SolutionConfigurationPlatforms) = preSolution
		Debug|Any CPU = Debug|Any CPU
		Release|Any CPU = Release|Any CPU
	EndGlobalSection
	GlobalSection(ProjectConfigurationPlatforms) = postSolution
		{5521FE6E-82C5-4386-831C-E314F7CE2ED6}.Debug|Any CPU.ActiveCfg = Debug|Any CPU
		{5521FE6E-82C5-4386-831C-E314F7CE2ED6}.Debug|Any CPU.Build.0 = Debug|Any CPU
		{5521FE6E-82C5-4386-831C-E314F7CE2ED6}.Release|Any CPU.ActiveCfg = Release|Any CPU
		{5521FE6E-82C5-4386-831C-E314F7CE2ED6}.Release|Any CPU.Build.0 = Release|Any CPU
	EndGlobalSection
	GlobalSection(SolutionProperties) = preSolution
		HideSolutionNode = FALSE
	EndGlobalSection
	GlobalSection(ExtensibilityGlobals) = postSolution
		SolutionGuid = {DD01B121-58C6-40FC-81D6-16E65E1C4782}
	EndGlobalSection
EndGlobal
