
Microsoft Visual Studio Solution File, Format Version 12.00
# Visual Studio Version 17
VisualStudioVersion = 17.13.35825.156 d17.13
MinimumVisualStudioVersion = 10.0.40219.1
Project("{FAE04EC0-301F-11D3-BF4B-00C04F79EFBC}") = "Generics", "Generics\Generics.csproj", "{7E339512-5BF4-45DC-8DC8-56789686535B}"
EndProject
Global
	GlobalSection(SolutionConfigurationPlatforms) = preSolution
		Debug|Any CPU = Debug|Any CPU
		Release|Any CPU = Release|Any CPU
	EndGlobalSection
	GlobalSection(ProjectConfigurationPlatforms) = postSolution
		{7E339512-5BF4-45DC-8DC8-56789686535B}.Debug|Any CPU.ActiveCfg = Debug|Any CPU
		{7E339512-5BF4-45DC-8DC8-56789686535B}.Debug|Any CPU.Build.0 = Debug|Any CPU
		{7E339512-5BF4-45DC-8DC8-56789686535B}.Release|Any CPU.ActiveCfg = Release|Any CPU
		{7E339512-5BF4-45DC-8DC8-56789686535B}.Release|Any CPU.Build.0 = Release|Any CPU
	EndGlobalSection
	GlobalSection(SolutionProperties) = preSolution
		HideSolutionNode = FALSE
	EndGlobalSection
	GlobalSection(ExtensibilityGlobals) = postSolution
		SolutionGuid = {043DD3AC-1855-4B0F-AC56-FFFAAFFAF2CB}
	EndGlobalSection
EndGlobal
